<?xml version="1.0" encoding="UTF-8" standalone="yes" ?>
<CodeBlocks_project_file>
	<FileVersion major="1" minor="6" />
	<Project>
		<Option title="TinyDesk" />
		<Option pch_mode="2" />
		<Option compiler="gcc" />
		<Build>
			<Target title="Debug">
				<Option output="bin/Debug/TinyDesk" prefix_auto="1" extension_auto="1" />
				<Option object_output="obj/Debug/" />
				<Option type="1" />
				<Option compiler="gcc" />
				<Compiler>
					<Add option="-g" />
				</Compiler>
			</Target>
			<Target title="Release">
				<Option output="bin/Release/TinyDesk" prefix_auto="1" extension_auto="1" />
				<Option object_output="obj/Release/" />
				<Option type="1" />
				<Option compiler="gcc" />
				<Compiler>
					<Add option="-O2" />
				</Compiler>
				<Linker>
					<Add option="-s" />
				</Linker>
			</Target>
		</Build>
		<Compiler>
			<Add option="-Wall" />
			<Add option="-fexceptions" />
		</Compiler>
		<Unit filename="App.cpp" />
		<Unit filename="App.h" />
		<Unit filename="ArchivoRol.cpp" />
		<Unit filename="ArchivoRol.h" />
		<Unit filename="Area.cpp" />
		<Unit filename="Estado.cpp" />
		<Unit filename="Estado.h" />
		<Unit filename="Fecha.cpp" />
		<Unit filename="Fecha.h" />
		<Unit filename="ListadoAdminManager.cpp" />
		<Unit filename="ListadoAdminManager.h" />
		<Unit filename="ListadoAdminMenu.cpp" />
		<Unit filename="ListadoAdminMenu.h" />
		<Unit filename="MenuAdmin.cpp" />
		<Unit filename="MenuAdmin.h" />
		<Unit filename="Proyecto.cpp" />
		<Unit filename="Proyecto.h" />
		<Unit filename="ProyectoArchivo.cpp" />
		<Unit filename="ProyectoArchivo.h" />
		<Unit filename="ProyectoManager.cpp" />
		<Unit filename="ProyectoManager.h" />
		<Unit filename="Rol.cpp" />
		<Unit filename="Rol.h" />
		<Unit filename="Roles.dat" />
		<Unit filename="Sprint.cpp" />
		<Unit filename="Sprint.h" />
		<Unit filename="SprintArchivo.cpp" />
		<Unit filename="SprintArchivo.h" />
		<Unit filename="SprintManager.cpp" />
		<Unit filename="SprintManager.h" />
		<Unit filename="Ticket.cpp" />
		<Unit filename="Ticket.h" />
		<Unit filename="TicketArchivo.cpp" />
		<Unit filename="TicketArchivo.h" />
		<Unit filename="TicketManager.cpp" />
		<Unit filename="TicketManager.h" />
		<Unit filename="TinyDesk.cbp" />
		<Unit filename="TinyDesk.depend" />
		<Unit filename="TinyDesk.layout" />
		<Unit filename="Usuario.cpp" />
		<Unit filename="Usuario.h" />
		<Unit filename="UsuarioArchivo.cpp" />
		<Unit filename="UsuarioArchivo.h" />
		<Unit filename="UsuarioManager.cpp" />
		<Unit filename="UsuarioManager.h" />
		<Unit filename="area.h" />
		<Unit filename="main.cpp" />
		<Unit filename="utils.cpp" />
		<Unit filename="utils.h" />
		<Extensions>
			<lib_finder disable_auto="1" />
		</Extensions>
	</Project>
</CodeBlocks_project_file>
